
Microsoft Visual Studio Solution File, Format Version 12.00
# Visual Studio Version 17
VisualStudioVersion = 17.8.34525.116
MinimumVisualStudioVersion = 10.0.40219.1
Project("{9A19103F-16F7-4668-BE54-9A1E7A4F7556}") = "WebApplicationAPI", "WebApplicationAPI\WebApplicationAPI.csproj", "{AD52AE0A-491C-4B3D-9BF3-71F2F10BE7F9}"
EndProject
Project("{9A19103F-16F7-4668-BE54-9A1E7A4F7556}") = "WebApplicationApp", "WebApplicationApp\WebApplicationApp.csproj", "{79CAC850-0932-463C-AC43-12DBC5CE2DD1}"
EndProject
Project("{FAE04EC0-301F-11D3-BF4B-00C04F79EFBC}") = "ApiLibrary", "ApiLibrary\ApiLibrary.csproj", "{B48F9E33-DBFD-43B0-A01F-8387B506B660}"
EndProject
Global
	GlobalSection(SolutionConfigurationPlatforms) = preSolution
		Debug|Any CPU = Debug|Any CPU
		Release|Any CPU = Release|Any CPU
	EndGlobalSection
	GlobalSection(ProjectConfigurationPlatforms) = postSolution
		{AD52AE0A-491C-4B3D-9BF3-71F2F10BE7F9}.Debug|Any CPU.ActiveCfg = Debug|Any CPU
		{AD52AE0A-491C-4B3D-9BF3-71F2F10BE7F9}.Debug|Any CPU.Build.0 = Debug|Any CPU
		{AD52AE0A-491C-4B3D-9BF3-71F2F10BE7F9}.Release|Any CPU.ActiveCfg = Release|Any CPU
		{AD52AE0A-491C-4B3D-9BF3-71F2F10BE7F9}.Release|Any CPU.Build.0 = Release|Any CPU
		{79CAC850-0932-463C-AC43-12DBC5CE2DD1}.Debug|Any CPU.ActiveCfg = Debug|Any CPU
		{79CAC850-0932-463C-AC43-12DBC5CE2DD1}.Debug|Any CPU.Build.0 = Debug|Any CPU
		{79CAC850-0932-463C-AC43-12DBC5CE2DD1}.Release|Any CPU.ActiveCfg = Release|Any CPU
		{79CAC850-0932-463C-AC43-12DBC5CE2DD1}.Release|Any CPU.Build.0 = Release|Any CPU
		{B48F9E33-DBFD-43B0-A01F-8387B506B660}.Debug|Any CPU.ActiveCfg = Debug|Any CPU
		{B48F9E33-DBFD-43B0-A01F-8387B506B660}.Debug|Any CPU.Build.0 = Debug|Any CPU
		{B48F9E33-DBFD-43B0-A01F-8387B506B660}.Release|Any CPU.ActiveCfg = Release|Any CPU
		{B48F9E33-DBFD-43B0-A01F-8387B506B660}.Release|Any CPU.Build.0 = Release|Any CPU
	EndGlobalSection
	GlobalSection(SolutionProperties) = preSolution
		HideSolutionNode = FALSE
	EndGlobalSection
	GlobalSection(ExtensibilityGlobals) = postSolution
		SolutionGuid = {C126AD64-FCE0-4AC5-96BC-5278C7F0978C}
	EndGlobalSection
EndGlobal
